version = 1
revision = 3
requires-python = ">=3.12"

[[package]]
name = "colorama"
version = "0.4.6"
source = { registry = "https://pypi.org/simple" }
sdist = { url = "https://files.pythonhosted.org/packages/d8/53/6f443c9a4a8358a93a6792e2acffb9d9d5cb0a5cfd8802644b7b1c9a02e4/colorama-0.4.6.tar.gz", hash = "sha256:08695f5cb7ed6e0531a20572697297273c47b8cae5a63ffc6d6ed5c201be6e44", size = 27697, upload-time = "2022-10-25T02:36:22.414Z" }
wheels = [
    { url = "https://files.pythonhosted.org/packages/d1/d6/3965ed04c63042e047cb6a3e6ed1a63a35087b6a609aa3a15ed8ac56c221/colorama-0.4.6-py2.py3-none-any.whl", hash = "sha256:4f1d9991f5acc0ca119f9d443620b77f9d6b33703e51011c16baf57afb285fc6", size = 25335, upload-time = "2022-10-25T02:36:20.889Z" },
]

[[package]]
name = "gurobipy"
version = "13.0.2"
source = { registry = "https://pypi.org/simple" }
wheels = [
    { url = "https://files.pythonhosted.org/packages/ab/52/84706ec7c4c8d76a7e36ac602f873e9a367dfbaa035ac145eda79b3bc983/gurobipy-13.0.2-cp312-cp312-macosx_10_13_universal2.whl", hash = "sha256:64b66660238f57b75adc9761f981524373f32ce8cdd37f4bf2f28dc1b699d1d5", size = 15988917, upload-time = "2026-05-05T10:42:49.424Z" },
    { url = "https://files.pythonhosted.org/packages/2e/70/460e4cc66508b9025919f6c260b93211169058917153e58c0f17a57846ea/gurobipy-13.0.2-cp312-cp312-manylinux2014_x86_64.manylinux_2_17_x86_64.whl", hash = "sha256:f35e404fc32921a94cbc5b047e01ad714ced23ba0c1ddf81b5e5a20bf53d757a", size = 14868660, upload-time = "2026-05-05T10:42:56.31Z" },
    { url = "https://files.pythonhosted.org/packages/3b/e3/3ec926182acc9fbe8182fb01adecfa1abef905e142a69a7b705925056bc8/gurobipy-13.0.2-cp312-cp312-manylinux_2_26_aarch64.whl", hash = "sha256:73f8d93ac4d9c196fd7b5836a83502d41a6ed0ce72bc27ad5c2e91132431f7eb", size = 87204593, upload-time = "2026-05-05T10:43:11.838Z" },
    { url = "https://files.pythonhosted.org/packages/e4/34/fa0fd152143ca0d1b770b9669918b2134a5d1af609c33cb445ccb7096327/gurobipy-13.0.2-cp312-cp312-win_amd64.whl", hash = "sha256:0ac0f1c7d28ad6aeec3c57f94833c918881dcbfb7238f5d5fe0a8d08b2975681", size = 11250700, upload-time = "2026-05-05T10:43:15.588Z" },
    { url = "https://files.pythonhosted.org/packages/3e/de/d32f793c5c208f34b289049c05fbc003ed5c6818e7e84c113651992cc923/gurobipy-13.0.2-cp313-cp313-macosx_10_13_universal2.whl", hash = "sha256:6cc4be757540f48b3f206427cacbcd78f5e8c07dddd8654e3b1c6e3b87327082", size = 15978090, upload-time = "2026-05-05T10:43:18.396Z" },
    { url = "https://files.pythonhosted.org/packages/a5/11/77458930745fb661a0b5aea39211101a22c5413161bb10f954f015af3f70/gurobipy-13.0.2-cp313-cp313-manylinux2014_x86_64.manylinux_2_17_x86_64.whl", hash = "sha256:1d7840fdf7928a6faf9fff795dde727940164e87d0bced98075df1ead38b12f9", size = 14866672, upload-time = "2026-05-05T10:43:21.508Z" },
    { url = "https://files.pythonhosted.org/packages/79/08/70c909650ae684a4d8468fec8b2e5d2f3be5b7f602e48b3cffd1e67ee6cc/gurobipy-13.0.2-cp313-cp313-manylinux_2_26_aarch64.whl", hash = "sha256:407f87b87b556b2d73f738ca4b9a41c3aed0ee412958a68b127d2108a8c300e2", size = 87208386, upload-time = "2026-05-05T10:43:26.333Z" },
    { url = "https://files.pythonhosted.org/packages/fd/7f/e68bd10b04c87f60d82f0d81340cf23e6e8d5e012dbac474dffbdf990657/gurobipy-13.0.2-cp313-cp313-win_amd64.whl", hash = "sha256:5b26c7ab11fd406f6ecf10958728b9f9344b818fee86db5b516a46aefe8400f2", size = 11244495, upload-time = "2026-05-05T10:43:29.624Z" },
    { url = "https://files.pythonhosted.org/packages/83/ae/0481b8f6d883b1907713bb9f92313257d3f1b7608f02d73f27d6c39516ae/gurobipy-13.0.2-cp314-cp314-macosx_10_15_universal2.whl", hash = "sha256:a827eff3ae926b67625026b80365007ab7be398e60e188753268dc1f0e876b3e", size = 15848186, upload-time = "2026-05-05T10:43:32.11Z" },
    { url = "https://files.pythonhosted.org/packages/30/ce/b62840162e24e03bd55fc265882fb9eb602d47a4dc27a9b7775c4741993e/gurobipy-13.0.2-cp314-cp314-manylinux2014_x86_64.manylinux_2_17_x86_64.whl", hash = "sha256:f82340708955c24ab20f5d41b4d7fbd0e94cf4e7740841360e2024c9d222961f", size = 14766019, upload-time = "2026-05-05T10:43:34.359Z" },
    { url = "https://files.pythonhosted.org/packages/27/b9/467bce6c7b03883b8dc1646756b5c870c7a156c89cf13ca32dfcee0cc7b3/gurobipy-13.0.2-cp314-cp314-manylinux_2_26_aarch64.whl", hash = "sha256:f7714d69d778af882d756e222340920e8dbfc004a509998604cb9b4cb1d43242", size = 87137188, upload-time = "2026-05-05T10:43:38.447Z" },
    { url = "https://files.pythonhosted.org/packages/1a/50/22546477a0277d1eaf7f67da5629c27782b63b85daeeabf394ce52627cac/gurobipy-13.0.2-cp314-cp314-win_amd64.whl", hash = "sha256:443d79ab626c383f01f0ea56c37533c9023e4d65abf8356563d2cf8da513001d", size = 11465255, upload-time = "2026-05-05T10:43:53.498Z" },
    { url = "https://files.pythonhosted.org/packages/39/5c/06e98babc2b0df16f2e42e52a222b4f880bd0a59e7e025ced25c47b7aeae/gurobipy-13.0.2-cp314-cp314t-macosx_10_15_universal2.whl", hash = "sha256:57c7c129f9c305296c12130bb0d8f0157785e4aaf5cee501174b8320a3a9195d", size = 16161861, upload-time = "2026-05-05T10:43:41.663Z" },
    { url = "https://files.pythonhosted.org/packages/42/21/6b0ceecfc45ebed38c5f9f3d87441baad8832743eaa85a31ac09ba4543e7/gurobipy-13.0.2-cp314-cp314t-manylinux2014_x86_64.manylinux_2_17_x86_64.whl", hash = "sha256:29a7449544e9b17def147b8c77d0eb30c8f343e2900bc0b004877b903ed41595", size = 14761111, upload-time = "2026-05-05T10:43:44.075Z" },
    { url = "https://files.pythonhosted.org/packages/1e/d4/b3b915fdce536d1331d45305cc55e8952694109377cbfe4e82c1fa38c986/gurobipy-13.0.2-cp314-cp314t-manylinux_2_26_aarch64.whl", hash = "sha256:8207e3503a74c43a19c120c6c117a5c6892d060e5f803fe072209be127a984e0", size = 87131303, upload-time = "2026-05-05T10:43:47.705Z" },
    { url = "https://files.pythonhosted.org/packages/b3/6b/2532e54305cf3a905f4df5a050d51f066391829f18f3c167a6ccd15da28d/gurobipy-13.0.2-cp314-cp314t-win_amd64.whl", hash = "sha256:9e2f956649fa46304a5aa2d18dbccfdb6d742092db2f0f798d37a4c3ccca5e99", size = 11906319, upload-time = "2026-05-05T10:43:50.882Z" },
]

[[package]]
name = "iniconfig"
version = "2.3.0"
source = { registry = "https://pypi.org/simple" }
sdist = { url = "https://files.pythonhosted.org/packages/72/34/14ca021ce8e5dfedc35312d08ba8bf51fdd999c576889fc2c24cb97f4f10/iniconfig-2.3.0.tar.gz", hash = "sha256:c76315c77db068650d49c5b56314774a7804df16fee4402c1f19d6d15d8c4730", size = 20503, upload-time = "2025-10-18T21:55:43.219Z" }
wheels = [
    { url = "https://files.pythonhosted.org/packages/cb/b1/3846dd7f199d53cb17f49cba7e651e9ce294d8497c8c150530ed11865bb8/iniconfig-2.3.0-py3-none-any.whl", hash = "sha256:f631c04d2c48c52b84d0d0549c99ff3859c98df65b3101406327ecc7d53fbf12", size = 7484, upload-time = "2025-10-18T21:55:41.639Z" },
]

[[package]]
name = "packaging"
version = "26.2"
source = { registry = "https://pypi.org/simple" }
sdist = { url = "https://files.pythonhosted.org/packages/d7/f1/e7a6dd94a8d4a5626c03e4e99c87f241ba9e350cd9e6d75123f992427270/packaging-26.2.tar.gz", hash = "sha256:ff452ff5a3e828ce110190feff1178bb1f2ea2281fa2075aadb987c2fb221661", size = 228134, upload-time = "2026-04-24T20:15:23.917Z" }
wheels = [
    { url = "https://files.pythonhosted.org/packages/df/b2/87e62e8c3e2f4b32e5fe99e0b86d576da1312593b39f47d8ceef365e95ed/packaging-26.2-py3-none-any.whl", hash = "sha256:5fc45236b9446107ff2415ce77c807cee2862cb6fac22b8a73826d0693b0980e", size = 100195, upload-time = "2026-04-24T20:15:22.081Z" },
]

[[package]]
name = "pluggy"
version = "1.6.0"
source = { registry = "https://pypi.org/simple" }
sdist = { url = "https://files.pythonhosted.org/packages/f9/e2/3e91f31a7d2b083fe6ef3fa267035b518369d9511ffab804f839851d2779/pluggy-1.6.0.tar.gz", hash = "sha256:7dcc130b76258d33b90f61b658791dede3486c3e6bfb003ee5c9bfb396dd22f3", size = 69412, upload-time = "2025-05-15T12:30:07.975Z" }
wheels = [
    { url = "https://files.pythonhosted.org/packages/54/20/4d324d65cc6d9205fabedc306948156824eb9f0ee1633355a8f7ec5c66bf/pluggy-1.6.0-py3-none-any.whl", hash = "sha256:e920276dd6813095e9377c0bc5566d94c932c33b27a3e3945d8389c374dd4746", size = 20538, upload-time = "2025-05-15T12:30:06.134Z" },
]

[[package]]
name = "pygments"
version = "2.20.0"
source = { registry = "https://pypi.org/simple" }
sdist = { url = "https://files.pythonhosted.org/packages/c3/b2/bc9c9196916376152d655522fdcebac55e66de6603a76a02bca1b6414f6c/pygments-2.20.0.tar.gz", hash = "sha256:6757cd03768053ff99f3039c1a36d6c0aa0b263438fcab17520b30a303a82b5f", size = 4955991, upload-time = "2026-03-29T13:29:33.898Z" }
wheels = [
    { url = "https://files.pythonhosted.org/packages/f4/7e/a72dd26f3b0f4f2bf1dd8923c85f7ceb43172af56d63c7383eb62b332364/pygments-2.20.0-py3-none-any.whl", hash = "sha256:81a9e26dd42fd28a23a2d169d86d7ac03b46e2f8b59ed4698fb4785f946d0176", size = 1231151, upload-time = "2026-03-29T13:29:30.038Z" },
]

[[package]]
name = "pytest"
version = "9.0.3"
source = { registry = "https://pypi.org/simple" }
dependencies = [
    { name = "colorama", marker = "sys_platform == 'win32'" },
    { name = "iniconfig" },
    { name = "packaging" },
    { name = "pluggy" },
    { name = "pygments" },
]
sdist = { url = "https://files.pythonhosted.org/packages/7d/0d/549bd94f1a0a402dc8cf64563a117c0f3765662e2e668477624baeec44d5/pytest-9.0.3.tar.gz", hash = "sha256:b86ada508af81d19edeb213c681b1d48246c1a91d304c6c81a427674c17eb91c", size = 1572165, upload-time = "2026-04-07T17:16:18.027Z" }
wheels = [
    { url = "https://files.pythonhosted.org/packages/d4/24/a372aaf5c9b7208e7112038812994107bc65a84cd00e0354a88c2c77a617/pytest-9.0.3-py3-none-any.whl", hash = "sha256:2c5efc453d45394fdd706ade797c0a81091eccd1d6e4bccfcd476e2b8e0ab5d9", size = 375249, upload-time = "2026-04-07T17:16:16.13Z" },
]

[[package]]
name = "ropeway-skip-stop-optimization"
version = "0.1.0"
source = { editable = "." }
dependencies = [
    { name = "gurobipy" },
    { name = "tqdm" },
]

[package.dev-dependencies]
dev = [
    { name = "pytest" },
]

[package.metadata]
requires-dist = [
    { name = "gurobipy", specifier = ">=13.0.2" },
    { name = "tqdm", specifier = ">=4.67.3" },
]

[package.metadata.requires-dev]
dev = [{ name = "pytest", specifier = ">=9.0.3" }]

[[package]]
name = "tqdm"
version = "4.67.3"
source = { registry = "https://pypi.org/simple" }
dependencies = [
    { name = "colorama", marker = "sys_platform == 'win32'" },
]
sdist = { url = "https://files.pythonhosted.org/packages/09/a9/6ba95a270c6f1fbcd8dac228323f2777d886cb206987444e4bce66338dd4/tqdm-4.67.3.tar.gz", hash = "sha256:7d825f03f89244ef73f1d4ce193cb1774a8179fd96f31d7e1dcde62092b960bb", size = 169598, upload-time = "2026-02-03T17:35:53.048Z" }
wheels = [
    { url = "https://files.pythonhosted.org/packages/16/e1/3079a9ff9b8e11b846c6ac5c8b5bfb7ff225eee721825310c91b3b50304f/tqdm-4.67.3-py3-none-any.whl", hash = "sha256:ee1e4c0e59148062281c49d80b25b67771a127c85fc9676d3be5f243206826bf", size = 78374, upload-time = "2026-02-03T17:35:50.982Z" },
]
